// !$*UTF8*$!
{
	archiveVersion = 1;
	classes = {
	};
	objectVersion = 56;
	objects = {

/* Begin PBXBuildFile section */
		01B94E1FAE30894F95E70134 /* Assets.xcassets in Resources */ = {isa = PBXBuildFile; fileRef = 2BB6421E8A3EAF25011EE9F1 /* Assets.xcassets */; };
		06C5405787FE139C26F24A6D /* AccentColorOption+Color.swift in Sources */ = {isa = PBXBuildFile; fileRef = 940A4DA2A39AB30EAAEAD928 /* AccentColorOption+Color.swift */; };
		083C4F1A90C985CACEB98AC8 /* CropPanelView.swift in Sources */ = {isa = PBXBuildFile; fileRef = C8E14125B1A20DDEC6D39B3D /* CropPanelView.swift */; };
		0A7440B9A126D49731710A04 /* PerformanceSettingsView.swift in Sources */ = {isa = PBXBuildFile; fileRef = 28854931A043F9B3C16805EF /* PerformanceSettingsView.swift */; };
		0B3F4AF4AC7E25B3DD3AF1ED /* EditedPhotoPreviewView.swift in Sources */ = {isa = PBXBuildFile; fileRef = 8847432B8FC026F1AD3F6CAA /* EditedPhotoPreviewView.swift */; };
		0C634983BFEC42116403590D /* GridView.swift in Sources */ = {isa = PBXBuildFile; fileRef = 740C41CD9234EB47356AD32D /* GridView.swift */; };
		0FDD4624881068E7849FFB7E /* SidebarView.swift in Sources */ = {isa = PBXBuildFile; fileRef = B84F4FE3854C440C4D61BD8F /* SidebarView.swift */; };
		16C04433834CF97B62176B64 /* EditSliderRow.swift in Sources */ = {isa = PBXBuildFile; fileRef = CED049D68909448475AE766D /* EditSliderRow.swift */; };
		176E4FC8B9FCBFC02BCDAC50 /* CropToolView.swift in Sources */ = {isa = PBXBuildFile; fileRef = 5E4D4F23B7ADAE15A5BE4AF8 /* CropToolView.swift */; };
		1A54419AAECF34B000E1325C /* Enums.swift in Sources */ = {isa = PBXBuildFile; fileRef = 0EA34795A0B7B00BB679DD2F /* Enums.swift */; };
		1CDD42E2B08E4A9453853914 /* ImageRenderer.swift in Sources */ = {isa = PBXBuildFile; fileRef = F62B42B3A1FC83A691591C58 /* ImageRenderer.swift */; };
		1E8248918D1A9C8E1E545AF8 /* Album.swift in Sources */ = {isa = PBXBuildFile; fileRef = 5A4C47E8A3F6D23FD5C6F578 /* Album.swift */; };
		23B14987A31514025038BA5D /* MetadataSettingsView.swift in Sources */ = {isa = PBXBuildFile; fileRef = 5F30452099E588DEA4FCF3DB /* MetadataSettingsView.swift */; };
		273C4A958FE38A62F601B094 /* FilmstripView.swift in Sources */ = {isa = PBXBuildFile; fileRef = 704F4FD09939DAAA4327D5D6 /* FilmstripView.swift */; };
		29624FBE9A1C64683603B450 /* Project.swift in Sources */ = {isa = PBXBuildFile; fileRef = 632F4C70AF1F150F9981B575 /* Project.swift */; };
		2A0B42A484F61570994FA679 /* CullingControls.swift in Sources */ = {isa = PBXBuildFile; fileRef = D90842D384BB68A7E12B4DD8 /* CullingControls.swift */; };
		33924A32933F25AA7BA39E62 /* ExportSheetView.swift in Sources */ = {isa = PBXBuildFile; fileRef = 518F40008B68307D4D90351E /* ExportSheetView.swift */; };
		3A0549BFB31A2DED38AB9662 /* Photo.swift in Sources */ = {isa = PBXBuildFile; fileRef = 5F6C4A0C892F96CD41014D69 /* Photo.swift */; };
		3BBE4415923686537FF10F31 /* ExportService.swift in Sources */ = {isa = PBXBuildFile; fileRef = E01940A4A5B10EE3E569A3E8 /* ExportService.swift */; };
		50E14185BBA1EEFFD11786D0 /* RawSupport.swift in Sources */ = {isa = PBXBuildFile; fileRef = A5B74131B9A10F49570844E8 /* RawSupport.swift */; };
		551F4ECE8C814B029278D82F /* MainToolbarContent.swift in Sources */ = {isa = PBXBuildFile; fileRef = 2E4240C6904A7A90AD9FF3CA /* MainToolbarContent.swift */; };
		5A5644D4B0BCDC1C48FE10BA /* LUTBuilder.swift in Sources */ = {isa = PBXBuildFile; fileRef = 9C1A4BEB848E570D8B707094 /* LUTBuilder.swift */; };
		5E97464D9B824E148E44C5B9 /* ImportService.swift in Sources */ = {isa = PBXBuildFile; fileRef = 4F324604A192BC3918FD49A1 /* ImportService.swift */; };
		5F3D469F8AC1B45AB9D92A3E /* LibraryViewModel.swift in Sources */ = {isa = PBXBuildFile; fileRef = 21C245CC855110E685BEE42B /* LibraryViewModel.swift */; };
		602147D9A8D4832F3D36DA64 /* ProjectWorkspaceView.swift in Sources */ = {isa = PBXBuildFile; fileRef = 098B4904ADF82EF07EED9B50 /* ProjectWorkspaceView.swift */; };
		622449BEA6B02264F0E67221 /* KeyboardShortcutsSettingsView.swift in Sources */ = {isa = PBXBuildFile; fileRef = 750D4E4F91A6610F77A840DD /* KeyboardShortcutsSettingsView.swift */; };
		62C64BB28A2D70E102245287 /* ExportViewModel.swift in Sources */ = {isa = PBXBuildFile; fileRef = 124C40AE81D91A724894EC47 /* ExportViewModel.swift */; };
		63F2441983C355AC4DB4F913 /* PresetsPanelView.swift in Sources */ = {isa = PBXBuildFile; fileRef = 45304E17859F7069056DFE13 /* PresetsPanelView.swift */; };
		65144286BCB142D1FC8E32CD /* Preset.swift in Sources */ = {isa = PBXBuildFile; fileRef = 68424A158A4FF3C4CBD0EF16 /* Preset.swift */; };
		6A7F418FBF282E5ED2320B66 /* ConfirmationsSettingsView.swift in Sources */ = {isa = PBXBuildFile; fileRef = 9C474FF499160389C28DA1BC /* ConfirmationsSettingsView.swift */; };
		6AE84128B628FD886E40F8B6 /* ToneCurvePanelView.swift in Sources */ = {isa = PBXBuildFile; fileRef = 838B47BCA81936C9A0C47793 /* ToneCurvePanelView.swift */; };
		6E4B4E28B180FB2F549FBED5 /* LibrarySettingsView.swift in Sources */ = {isa = PBXBuildFile; fileRef = 17804C2D891B3C1B7CE9D8E3 /* LibrarySettingsView.swift */; };
		6E6B40BB8D1801B01919AD79 /* FilterBarView.swift in Sources */ = {isa = PBXBuildFile; fileRef = 85A748D0B0877585CD13C93D /* FilterBarView.swift */; };
		6FB94667882991BEC815125F /* Preview Assets.xcassets in Resources */ = {isa = PBXBuildFile; fileRef = DDC742F695D6FE2E780B79E3 /* Preview Assets.xcassets */; };
		70B7490DA5C8CBEB810F1041 /* CompareView.swift in Sources */ = {isa = PBXBuildFile; fileRef = 772241F6A43626E3A6A741A0 /* CompareView.swift */; };
		74CC4A03B686D46792346988 /* DarkroomLiteApp.swift in Sources */ = {isa = PBXBuildFile; fileRef = 491B4F3B9510F71DA20BF28F /* DarkroomLiteApp.swift */; };
		7E6F44968794556EFA6E7E64 /* CropPerspectiveSettingsView.swift in Sources */ = {isa = PBXBuildFile; fileRef = C30A4BE1BCEBA4B01F3AA8DC /* CropPerspectiveSettingsView.swift */; };
		7E9843C5A698309AE2FFC82D /* ColorWheelView.swift in Sources */ = {isa = PBXBuildFile; fileRef = B6F542CDB2F5556F1AB61DAB /* ColorWheelView.swift */; };
		7FCC465CA7054692FE93B029 /* DetailPanelView.swift in Sources */ = {isa = PBXBuildFile; fileRef = E89C421E8B2A6C3ACE0EEDAA /* DetailPanelView.swift */; };
		80CA4A8982736934A1E0B9F5 /* EditorViewModel.swift in Sources */ = {isa = PBXBuildFile; fileRef = C1EA417AA16A917975A73E4E /* EditorViewModel.swift */; };
		855C44ADACFE1AC59C60ACE0 /* PhotoThumbnailView.swift in Sources */ = {isa = PBXBuildFile; fileRef = D63E4071BAB6A775842E7661 /* PhotoThumbnailView.swift */; };
		857B46A6B501B122C85A8044 /* CurveEditorView.swift in Sources */ = {isa = PBXBuildFile; fileRef = C7B34989A47A729D1153B827 /* CurveEditorView.swift */; };
		8C7B4B4EA7B34DF73EC6CB40 /* SettingsStore.swift in Sources */ = {isa = PBXBuildFile; fileRef = C79B4DA592C9B036D5199D8A /* SettingsStore.swift */; };
		8F614265B15E6EFD11DE9CCB /* EditValues.swift in Sources */ = {isa = PBXBuildFile; fileRef = F9034FE68051C529D32AB055 /* EditValues.swift */; };
		9085421590659C4E1A36AE92 /* EditSettings.swift in Sources */ = {isa = PBXBuildFile; fileRef = 80844C4DAA713E086DDCC38E /* EditSettings.swift */; };
		91574EECA3B566CAC2D80A50 /* EditorPanelContainerView.swift in Sources */ = {isa = PBXBuildFile; fileRef = 6F194D569221B774E7561CFA /* EditorPanelContainerView.swift */; };
		954C4D4287EB4AAD9F1DC7B8 /* PerspectiveToolView.swift in Sources */ = {isa = PBXBuildFile; fileRef = C6BC49759F4CF04B2D39EFB4 /* PerspectiveToolView.swift */; };
		9BCA4DA1BC2FBB8B20E498EF /* DarkroomLiteTests.swift in Sources */ = {isa = PBXBuildFile; fileRef = 6D0647D98E50B9D49C1C6E23 /* DarkroomLiteTests.swift */; };
		A0D34B22B09AF8EAB82854C6 /* SliderRow.swift in Sources */ = {isa = PBXBuildFile; fileRef = 6DDC4590B23BE3A1C84B6328 /* SliderRow.swift */; };
		A10347DDBAA834BC7CD58103 /* PhotoGridCell.swift in Sources */ = {isa = PBXBuildFile; fileRef = A08F4CCBA367CCB885287D03 /* PhotoGridCell.swift */; };
		A3B24C76B35602C434BE81CC /* EditorViewModel+Bindings.swift in Sources */ = {isa = PBXBuildFile; fileRef = 5D3346A9A1481CB4CB7C165B /* EditorViewModel+Bindings.swift */; };
		A537477980AAA10CD29FA6E9 /* ColorPanelView.swift in Sources */ = {isa = PBXBuildFile; fileRef = EA794086B0EFF90A5093D037 /* ColorPanelView.swift */; };
		AAEC48BAB4C1BB8C72BAB92A /* EffectsPanelView.swift in Sources */ = {isa = PBXBuildFile; fileRef = CF8E449FA923A62A1EECC793 /* EffectsPanelView.swift */; };
		AD284CF7B9AE79BC88BD1F84 /* HistoryPanelView.swift in Sources */ = {isa = PBXBuildFile; fileRef = CE9843EFB39A2644B905CF71 /* HistoryPanelView.swift */; };
		B0DA475998B74673B1B3B3C4 /* LightPanelView.swift in Sources */ = {isa = PBXBuildFile; fileRef = 99F945208E4DB4083E45B3EB /* LightPanelView.swift */; };
		B17F4319B0385CF0C73F381E /* LoupeView.swift in Sources */ = {isa = PBXBuildFile; fileRef = 562749188D845710D86543FD /* LoupeView.swift */; };
		B4DB43408CDB07671EEB8BE4 /* SettingsRootView.swift in Sources */ = {isa = PBXBuildFile; fileRef = 2BBD450F8811FFB399C5966A /* SettingsRootView.swift */; };
		B7F14C35B027F2C4DF5516EE /* KeyEventMonitorView.swift in Sources */ = {isa = PBXBuildFile; fileRef = CD2B41A3BC62B3390CAE3596 /* KeyEventMonitorView.swift */; };
		B84E48ADAF8EDC19010463E6 /* Comparable+Clamp.swift in Sources */ = {isa = PBXBuildFile; fileRef = E9394F7ABE5A303697F525D7 /* Comparable+Clamp.swift */; };
		BA7E4AD5846FE012D71E3D5B /* HorizonDetectionService.swift in Sources */ = {isa = PBXBuildFile; fileRef = CE544884A672CCDCDF708D2A /* HorizonDetectionService.swift */; };
		BB0B4367B199BB81D904E6C4 /* Formatters.swift in Sources */ = {isa = PBXBuildFile; fileRef = 1D7E42DD932C81622A124DCE /* Formatters.swift */; };
		BFCD4F00ACB7F8537CD04FA2 /* KeyboardShortcuts.swift in Sources */ = {isa = PBXBuildFile; fileRef = 3C0F40FDB0C02704E7DA312E /* KeyboardShortcuts.swift */; };
		CB224EFDB34324CA06950698 /* ColorGradingPanelView.swift in Sources */ = {isa = PBXBuildFile; fileRef = 65F54130A8F341CF37F2C3B0 /* ColorGradingPanelView.swift */; };
		D22943FC8EAA82DFDF08B734 /* GeneralSettingsView.swift in Sources */ = {isa = PBXBuildFile; fileRef = 70FA4B07AD725C19923789E9 /* GeneralSettingsView.swift */; };
		D262406397D6D21BA20702F9 /* PerspectiveSettings.swift in Sources */ = {isa = PBXBuildFile; fileRef = F81A48B4B7BEC83B8C68317A /* PerspectiveSettings.swift */; };
		D28C485FA3AAC7A4FCDA4415 /* AppCommands.swift in Sources */ = {isa = PBXBuildFile; fileRef = 5F854A53AC4A803C8A851A59 /* AppCommands.swift */; };
		D2DE482EB0BB420E4EF87FBE /* LensPanelView.swift in Sources */ = {isa = PBXBuildFile; fileRef = 9BBC4A2095D349C8F70DF87D /* LensPanelView.swift */; };
		D434404E828B64FB5B41636E /* PersistenceController.swift in Sources */ = {isa = PBXBuildFile; fileRef = B8F54DC7856D4DDE8BB09C8B /* PersistenceController.swift */; };
		D6DE4BF59F2F4B41C8872C06 /* AppController.swift in Sources */ = {isa = PBXBuildFile; fileRef = 942E4E7587BE101EA82FB696 /* AppController.swift */; };
		D9FA4743870EEE22A7BCE822 /* CropSettings.swift in Sources */ = {isa = PBXBuildFile; fileRef = EB3045E4A3010D2159B85674 /* CropSettings.swift */; };
		DB154FEB80165EC78B207897 /* Clipboard.swift in Sources */ = {isa = PBXBuildFile; fileRef = 36D54E68B236C401B7ACA868 /* Clipboard.swift */; };
		E3744882924AB5E0410CC198 /* BeforeAfterView.swift in Sources */ = {isa = PBXBuildFile; fileRef = B7F94FC6A6FB3A855578F5AD /* BeforeAfterView.swift */; };
		E3A6440E81BFB27ADE0C8AC4 /* ProjectsViewModel.swift in Sources */ = {isa = PBXBuildFile; fileRef = BA464B47B6FD0375FBF5FF23 /* ProjectsViewModel.swift */; };
		E55E470ABA6652F59519192D /* ContentView.swift in Sources */ = {isa = PBXBuildFile; fileRef = 240C4321AFA95E49C7A9DE7C /* ContentView.swift */; };
		E7A94F54826936CFB8B990DB /* ExportSettingsView.swift in Sources */ = {isa = PBXBuildFile; fileRef = AB4D466F81D51B4EA8B90C7F /* ExportSettingsView.swift */; };
		E8324A41BAFA5BC9D4C230BB /* MetadataService.swift in Sources */ = {isa = PBXBuildFile; fileRef = 26014C53A0A2147C3B212C29 /* MetadataService.swift */; };
		EA604F2889ABCAF5C8BB2B95 /* SidecarService.swift in Sources */ = {isa = PBXBuildFile; fileRef = FE7D46C8860D60C7CA652DD6 /* SidecarService.swift */; };
		EB3B4E83853F98EC41974D00 /* HSLPanelView.swift in Sources */ = {isa = PBXBuildFile; fileRef = 33DA4D3893D536FA3A54A44E /* HSLPanelView.swift */; };
		EC4F4976A179EB68082F1B3B /* ShortcutRecorderView.swift in Sources */ = {isa = PBXBuildFile; fileRef = 6B904AA1AF02902E214F8BAD /* ShortcutRecorderView.swift */; };
		F16E497C8127978236D695B0 /* ThumbnailService.swift in Sources */ = {isa = PBXBuildFile; fileRef = 929D44F59BEC7254E3E1B02F /* ThumbnailService.swift */; };
		F8EC4F6BA9E403C3941F60FA /* SecurityScopedFileAccess.swift in Sources */ = {isa = PBXBuildFile; fileRef = F8BB40839CD2EB820407B599 /* SecurityScopedFileAccess.swift */; };
		B6BD92DF96C8C867FEAEBEC4 /* SourceImageCache.swift in Sources */ = {isa = PBXBuildFile; fileRef = A4564B1BF68804E9E303DD44 /* SourceImageCache.swift */; };
		FC194846BA220848B68B223D /* EditSnapshot.swift in Sources */ = {isa = PBXBuildFile; fileRef = 737A4DE89165571F5BFF493B /* EditSnapshot.swift */; };
		9FD759FE3FE57D709531ADF0 /* CubeLUTParser.swift in Sources */ = {isa = PBXBuildFile; fileRef = 2FB88DC48512F1EE572F6857 /* CubeLUTParser.swift */; };
		E264608738EDD754DE92E294 /* LUTPanelView.swift in Sources */ = {isa = PBXBuildFile; fileRef = CC4A2C9ECB179955545ED510 /* LUTPanelView.swift */; };
		DAF54B72D7231C2389D9558F /* LocalAdjustmentMask.swift in Sources */ = {isa = PBXBuildFile; fileRef = 0ACC80577E9524F02D1AC7D5 /* LocalAdjustmentMask.swift */; };
		F183E216B2AE07D4470AB276 /* MaskToolView.swift in Sources */ = {isa = PBXBuildFile; fileRef = 8290D5DB9C2D49477F86F705 /* MaskToolView.swift */; };
		509620AD04E4DFC7C89452E4 /* MasksPanelView.swift in Sources */ = {isa = PBXBuildFile; fileRef = CA07F94725A1640A31629EA2 /* MasksPanelView.swift */; };
/* End PBXBuildFile section */

/* Begin PBXContainerItemProxy section */
		C0E721EFE3154BB2902FC9AE /* PBXContainerItemProxy */ = {
			isa = PBXContainerItemProxy;
			containerPortal = C580F4FF1B444C95A3E76BB4 /* Project object */;
			proxyType = 1;
			remoteGlobalIDString = 9A3DC7A79D16495F80E78842;
			remoteInfo = DarkroomLite;
		};
/* End PBXContainerItemProxy section */

/* Begin PBXFileReference section */
		098B4904ADF82EF07EED9B50 /* ProjectWorkspaceView.swift */ = {isa = PBXFileReference; lastKnownFileType = sourcecode.swift; name = ProjectWorkspaceView.swift; path = DarkroomLite/Views/Library/ProjectWorkspaceView.swift; sourceTree = "<group>"; };
		0EA34795A0B7B00BB679DD2F /* Enums.swift */ = {isa = PBXFileReference; lastKnownFileType = sourcecode.swift; name = Enums.swift; path = DarkroomLite/Models/Enums.swift; sourceTree = "<group>"; };
		124C40AE81D91A724894EC47 /* ExportViewModel.swift */ = {isa = PBXFileReference; lastKnownFileType = sourcecode.swift; name = ExportViewModel.swift; path = DarkroomLite/ViewModels/ExportViewModel.swift; sourceTree = "<group>"; };
		160B72D582A24B6793B606AD /* DarkroomLiteTests.xctest */ = {isa = PBXFileReference; explicitFileType = wrapper.cfbundle; includeInIndex = 0; path = DarkroomLiteTests.xctest; sourceTree = BUILT_PRODUCTS_DIR; };
		17804C2D891B3C1B7CE9D8E3 /* LibrarySettingsView.swift */ = {isa = PBXFileReference; lastKnownFileType = sourcecode.swift; name = LibrarySettingsView.swift; path = DarkroomLite/Views/Settings/LibrarySettingsView.swift; sourceTree = "<group>"; };
		1D7E42DD932C81622A124DCE /* Formatters.swift */ = {isa = PBXFileReference; lastKnownFileType = sourcecode.swift; name = Formatters.swift; path = DarkroomLite/Utilities/Formatters.swift; sourceTree = "<group>"; };
		21C245CC855110E685BEE42B /* LibraryViewModel.swift */ = {isa = PBXFileReference; lastKnownFileType = sourcecode.swift; name = LibraryViewModel.swift; path = DarkroomLite/ViewModels/LibraryViewModel.swift; sourceTree = "<group>"; };
		240C4321AFA95E49C7A9DE7C /* ContentView.swift */ = {isa = PBXFileReference; lastKnownFileType = sourcecode.swift; name = ContentView.swift; path = DarkroomLite/Views/ContentView.swift; sourceTree = "<group>"; };
		26014C53A0A2147C3B212C29 /* MetadataService.swift */ = {isa = PBXFileReference; lastKnownFileType = sourcecode.swift; name = MetadataService.swift; path = DarkroomLite/Services/MetadataService.swift; sourceTree = "<group>"; };
		28854931A043F9B3C16805EF /* PerformanceSettingsView.swift */ = {isa = PBXFileReference; lastKnownFileType = sourcecode.swift; name = PerformanceSettingsView.swift; path = DarkroomLite/Views/Settings/PerformanceSettingsView.swift; sourceTree = "<group>"; };
		2BB6421E8A3EAF25011EE9F1 /* Assets.xcassets */ = {isa = PBXFileReference; lastKnownFileType = folder.assetcatalog; name = Assets.xcassets; path = DarkroomLite/Assets.xcassets; sourceTree = "<group>"; };
		2BBD450F8811FFB399C5966A /* SettingsRootView.swift */ = {isa = PBXFileReference; lastKnownFileType = sourcecode.swift; name = SettingsRootView.swift; path = DarkroomLite/Views/Settings/SettingsRootView.swift; sourceTree = "<group>"; };
		2E4240C6904A7A90AD9FF3CA /* MainToolbarContent.swift */ = {isa = PBXFileReference; lastKnownFileType = sourcecode.swift; name = MainToolbarContent.swift; path = DarkroomLite/Views/Toolbar/MainToolbarContent.swift; sourceTree = "<group>"; };
		33DA4D3893D536FA3A54A44E /* HSLPanelView.swift */ = {isa = PBXFileReference; lastKnownFileType = sourcecode.swift; name = HSLPanelView.swift; path = DarkroomLite/Views/Editor/Panels/HSLPanelView.swift; sourceTree = "<group>"; };
		36D54E68B236C401B7ACA868 /* Clipboard.swift */ = {isa = PBXFileReference; lastKnownFileType = sourcecode.swift; name = Clipboard.swift; path = DarkroomLite/Services/Clipboard.swift; sourceTree = "<group>"; };
		3C0F40FDB0C02704E7DA312E /* KeyboardShortcuts.swift */ = {isa = PBXFileReference; lastKnownFileType = sourcecode.swift; name = KeyboardShortcuts.swift; path = DarkroomLite/Services/KeyboardShortcuts.swift; sourceTree = "<group>"; };
		45304E17859F7069056DFE13 /* PresetsPanelView.swift */ = {isa = PBXFileReference; lastKnownFileType = sourcecode.swift; name = PresetsPanelView.swift; path = DarkroomLite/Views/Editor/Panels/PresetsPanelView.swift; sourceTree = "<group>"; };
		491B4F3B9510F71DA20BF28F /* DarkroomLiteApp.swift */ = {isa = PBXFileReference; lastKnownFileType = sourcecode.swift; name = DarkroomLiteApp.swift; path = DarkroomLite/DarkroomLiteApp.swift; sourceTree = "<group>"; };
		4F324604A192BC3918FD49A1 /* ImportService.swift */ = {isa = PBXFileReference; lastKnownFileType = sourcecode.swift; name = ImportService.swift; path = DarkroomLite/Services/ImportService.swift; sourceTree = "<group>"; };
		518F40008B68307D4D90351E /* ExportSheetView.swift */ = {isa = PBXFileReference; lastKnownFileType = sourcecode.swift; name = ExportSheetView.swift; path = DarkroomLite/Views/Export/ExportSheetView.swift; sourceTree = "<group>"; };
		562749188D845710D86543FD /* LoupeView.swift */ = {isa = PBXFileReference; lastKnownFileType = sourcecode.swift; name = LoupeView.swift; path = DarkroomLite/Views/Library/LoupeView.swift; sourceTree = "<group>"; };
		5A4C47E8A3F6D23FD5C6F578 /* Album.swift */ = {isa = PBXFileReference; lastKnownFileType = sourcecode.swift; name = Album.swift; path = DarkroomLite/Models/Album.swift; sourceTree = "<group>"; };
		5D3346A9A1481CB4CB7C165B /* EditorViewModel+Bindings.swift */ = {isa = PBXFileReference; lastKnownFileType = sourcecode.swift; name = "EditorViewModel+Bindings.swift"; path = "DarkroomLite/ViewModels/EditorViewModel+Bindings.swift"; sourceTree = "<group>"; };
		5E4D4F23B7ADAE15A5BE4AF8 /* CropToolView.swift */ = {isa = PBXFileReference; lastKnownFileType = sourcecode.swift; name = CropToolView.swift; path = DarkroomLite/Views/Geometry/CropToolView.swift; sourceTree = "<group>"; };
		5F30452099E588DEA4FCF3DB /* MetadataSettingsView.swift */ = {isa = PBXFileReference; lastKnownFileType = sourcecode.swift; name = MetadataSettingsView.swift; path = DarkroomLite/Views/Settings/MetadataSettingsView.swift; sourceTree = "<group>"; };
		5F6C4A0C892F96CD41014D69 /* Photo.swift */ = {isa = PBXFileReference; lastKnownFileType = sourcecode.swift; name = Photo.swift; path = DarkroomLite/Models/Photo.swift; sourceTree = "<group>"; };
		5F854A53AC4A803C8A851A59 /* AppCommands.swift */ = {isa = PBXFileReference; lastKnownFileType = sourcecode.swift; name = AppCommands.swift; path = DarkroomLite/Views/AppCommands.swift; sourceTree = "<group>"; };
		632F4C70AF1F150F9981B575 /* Project.swift */ = {isa = PBXFileReference; lastKnownFileType = sourcecode.swift; name = Project.swift; path = DarkroomLite/Models/Project.swift; sourceTree = "<group>"; };
		65F54130A8F341CF37F2C3B0 /* ColorGradingPanelView.swift */ = {isa = PBXFileReference; lastKnownFileType = sourcecode.swift; name = ColorGradingPanelView.swift; path = DarkroomLite/Views/Editor/Panels/ColorGradingPanelView.swift; sourceTree = "<group>"; };
		68424A158A4FF3C4CBD0EF16 /* Preset.swift */ = {isa = PBXFileReference; lastKnownFileType = sourcecode.swift; name = Preset.swift; path = DarkroomLite/Models/Preset.swift; sourceTree = "<group>"; };
		6B904AA1AF02902E214F8BAD /* ShortcutRecorderView.swift */ = {isa = PBXFileReference; lastKnownFileType = sourcecode.swift; name = ShortcutRecorderView.swift; path = DarkroomLite/Views/Settings/ShortcutRecorderView.swift; sourceTree = "<group>"; };
		6D0647D98E50B9D49C1C6E23 /* DarkroomLiteTests.swift */ = {isa = PBXFileReference; lastKnownFileType = sourcecode.swift; name = DarkroomLiteTests.swift; path = DarkroomLiteTests/DarkroomLiteTests.swift; sourceTree = "<group>"; };
		6DDC4590B23BE3A1C84B6328 /* SliderRow.swift */ = {isa = PBXFileReference; lastKnownFileType = sourcecode.swift; name = SliderRow.swift; path = DarkroomLite/Views/Editor/SliderRow.swift; sourceTree = "<group>"; };
		6F194D569221B774E7561CFA /* EditorPanelContainerView.swift */ = {isa = PBXFileReference; lastKnownFileType = sourcecode.swift; name = EditorPanelContainerView.swift; path = DarkroomLite/Views/Editor/EditorPanelContainerView.swift; sourceTree = "<group>"; };
		704F4FD09939DAAA4327D5D6 /* FilmstripView.swift */ = {isa = PBXFileReference; lastKnownFileType = sourcecode.swift; name = FilmstripView.swift; path = DarkroomLite/Views/Library/FilmstripView.swift; sourceTree = "<group>"; };
		70FA4B07AD725C19923789E9 /* GeneralSettingsView.swift */ = {isa = PBXFileReference; lastKnownFileType = sourcecode.swift; name = GeneralSettingsView.swift; path = DarkroomLite/Views/Settings/GeneralSettingsView.swift; sourceTree = "<group>"; };
		737A4DE89165571F5BFF493B /* EditSnapshot.swift */ = {isa = PBXFileReference; lastKnownFileType = sourcecode.swift; name = EditSnapshot.swift; path = DarkroomLite/Models/EditSnapshot.swift; sourceTree = "<group>"; };
		740C41CD9234EB47356AD32D /* GridView.swift */ = {isa = PBXFileReference; lastKnownFileType = sourcecode.swift; name = GridView.swift; path = DarkroomLite/Views/Library/GridView.swift; sourceTree = "<group>"; };
		750D4E4F91A6610F77A840DD /* KeyboardShortcutsSettingsView.swift */ = {isa = PBXFileReference; lastKnownFileType = sourcecode.swift; name = KeyboardShortcutsSettingsView.swift; path = DarkroomLite/Views/Settings/KeyboardShortcutsSettingsView.swift; sourceTree = "<group>"; };
		772241F6A43626E3A6A741A0 /* CompareView.swift */ = {isa = PBXFileReference; lastKnownFileType = sourcecode.swift; name = CompareView.swift; path = DarkroomLite/Views/Library/CompareView.swift; sourceTree = "<group>"; };
		80844C4DAA713E086DDCC38E /* EditSettings.swift */ = {isa = PBXFileReference; lastKnownFileType = sourcecode.swift; name = EditSettings.swift; path = DarkroomLite/Models/EditSettings.swift; sourceTree = "<group>"; };
		838B47BCA81936C9A0C47793 /* ToneCurvePanelView.swift */ = {isa = PBXFileReference; lastKnownFileType = sourcecode.swift; name = ToneCurvePanelView.swift; path = DarkroomLite/Views/Editor/Panels/ToneCurvePanelView.swift; sourceTree = "<group>"; };
		85A748D0B0877585CD13C93D /* FilterBarView.swift */ = {isa = PBXFileReference; lastKnownFileType = sourcecode.swift; name = FilterBarView.swift; path = DarkroomLite/Views/Library/FilterBarView.swift; sourceTree = "<group>"; };
		8847432B8FC026F1AD3F6CAA /* EditedPhotoPreviewView.swift */ = {isa = PBXFileReference; lastKnownFileType = sourcecode.swift; name = EditedPhotoPreviewView.swift; path = DarkroomLite/Views/Library/EditedPhotoPreviewView.swift; sourceTree = "<group>"; };
		929D44F59BEC7254E3E1B02F /* ThumbnailService.swift */ = {isa = PBXFileReference; lastKnownFileType = sourcecode.swift; name = ThumbnailService.swift; path = DarkroomLite/Services/ThumbnailService.swift; sourceTree = "<group>"; };
		940A4DA2A39AB30EAAEAD928 /* AccentColorOption+Color.swift */ = {isa = PBXFileReference; lastKnownFileType = sourcecode.swift; name = "AccentColorOption+Color.swift"; path = "DarkroomLite/Utilities/AccentColorOption+Color.swift"; sourceTree = "<group>"; };
		942E4E7587BE101EA82FB696 /* AppController.swift */ = {isa = PBXFileReference; lastKnownFileType = sourcecode.swift; name = AppController.swift; path = DarkroomLite/ViewModels/AppController.swift; sourceTree = "<group>"; };
		99F945208E4DB4083E45B3EB /* LightPanelView.swift */ = {isa = PBXFileReference; lastKnownFileType = sourcecode.swift; name = LightPanelView.swift; path = DarkroomLite/Views/Editor/Panels/LightPanelView.swift; sourceTree = "<group>"; };
		9BBC4A2095D349C8F70DF87D /* LensPanelView.swift */ = {isa = PBXFileReference; lastKnownFileType = sourcecode.swift; name = LensPanelView.swift; path = DarkroomLite/Views/Editor/Panels/LensPanelView.swift; sourceTree = "<group>"; };
		9C1A4BEB848E570D8B707094 /* LUTBuilder.swift */ = {isa = PBXFileReference; lastKnownFileType = sourcecode.swift; name = LUTBuilder.swift; path = DarkroomLite/Services/LUTBuilder.swift; sourceTree = "<group>"; };
		9C474FF499160389C28DA1BC /* ConfirmationsSettingsView.swift */ = {isa = PBXFileReference; lastKnownFileType = sourcecode.swift; name = ConfirmationsSettingsView.swift; path = DarkroomLite/Views/Settings/ConfirmationsSettingsView.swift; sourceTree = "<group>"; };
		A08F4CCBA367CCB885287D03 /* PhotoGridCell.swift */ = {isa = PBXFileReference; lastKnownFileType = sourcecode.swift; name = PhotoGridCell.swift; path = DarkroomLite/Views/Library/PhotoGridCell.swift; sourceTree = "<group>"; };
		A5B74131B9A10F49570844E8 /* RawSupport.swift */ = {isa = PBXFileReference; lastKnownFileType = sourcecode.swift; name = RawSupport.swift; path = DarkroomLite/Services/RawSupport.swift; sourceTree = "<group>"; };
		AB4D466F81D51B4EA8B90C7F /* ExportSettingsView.swift */ = {isa = PBXFileReference; lastKnownFileType = sourcecode.swift; name = ExportSettingsView.swift; path = DarkroomLite/Views/Settings/ExportSettingsView.swift; sourceTree = "<group>"; };
		AB9D023F0C5B4170AF8F43E3 /* DarkroomLite.app */ = {isa = PBXFileReference; explicitFileType = wrapper.application; includeInIndex = 0; path = DarkroomLite.app; sourceTree = BUILT_PRODUCTS_DIR; };
		B625483EAEFA66E853A8C063 /* DarkroomLite.entitlements */ = {isa = PBXFileReference; lastKnownFileType = text.plist.entitlements; name = DarkroomLite.entitlements; path = DarkroomLite/DarkroomLite.entitlements; sourceTree = SOURCE_ROOT; };
		B6F542CDB2F5556F1AB61DAB /* ColorWheelView.swift */ = {isa = PBXFileReference; lastKnownFileType = sourcecode.swift; name = ColorWheelView.swift; path = DarkroomLite/Views/Editor/ColorWheelView.swift; sourceTree = "<group>"; };
		B7F94FC6A6FB3A855578F5AD /* BeforeAfterView.swift */ = {isa = PBXFileReference; lastKnownFileType = sourcecode.swift; name = BeforeAfterView.swift; path = DarkroomLite/Views/Library/BeforeAfterView.swift; sourceTree = "<group>"; };
		B84F4FE3854C440C4D61BD8F /* SidebarView.swift */ = {isa = PBXFileReference; lastKnownFileType = sourcecode.swift; name = SidebarView.swift; path = DarkroomLite/Views/Sidebar/SidebarView.swift; sourceTree = "<group>"; };
		B8F54DC7856D4DDE8BB09C8B /* PersistenceController.swift */ = {isa = PBXFileReference; lastKnownFileType = sourcecode.swift; name = PersistenceController.swift; path = DarkroomLite/Persistence/PersistenceController.swift; sourceTree = "<group>"; };
		BA464B47B6FD0375FBF5FF23 /* ProjectsViewModel.swift */ = {isa = PBXFileReference; lastKnownFileType = sourcecode.swift; name = ProjectsViewModel.swift; path = DarkroomLite/ViewModels/ProjectsViewModel.swift; sourceTree = "<group>"; };
		C1EA417AA16A917975A73E4E /* EditorViewModel.swift */ = {isa = PBXFileReference; lastKnownFileType = sourcecode.swift; name = EditorViewModel.swift; path = DarkroomLite/ViewModels/EditorViewModel.swift; sourceTree = "<group>"; };
		C30A4BE1BCEBA4B01F3AA8DC /* CropPerspectiveSettingsView.swift */ = {isa = PBXFileReference; lastKnownFileType = sourcecode.swift; name = CropPerspectiveSettingsView.swift; path = DarkroomLite/Views/Settings/CropPerspectiveSettingsView.swift; sourceTree = "<group>"; };
		C6BC49759F4CF04B2D39EFB4 /* PerspectiveToolView.swift */ = {isa = PBXFileReference; lastKnownFileType = sourcecode.swift; name = PerspectiveToolView.swift; path = DarkroomLite/Views/Geometry/PerspectiveToolView.swift; sourceTree = "<group>"; };
		C79B4DA592C9B036D5199D8A /* SettingsStore.swift */ = {isa = PBXFileReference; lastKnownFileType = sourcecode.swift; name = SettingsStore.swift; path = DarkroomLite/ViewModels/SettingsStore.swift; sourceTree = "<group>"; };
		C7B34989A47A729D1153B827 /* CurveEditorView.swift */ = {isa = PBXFileReference; lastKnownFileType = sourcecode.swift; name = CurveEditorView.swift; path = DarkroomLite/Views/Editor/CurveEditorView.swift; sourceTree = "<group>"; };
		C8E14125B1A20DDEC6D39B3D /* CropPanelView.swift */ = {isa = PBXFileReference; lastKnownFileType = sourcecode.swift; name = CropPanelView.swift; path = DarkroomLite/Views/Editor/Panels/CropPanelView.swift; sourceTree = "<group>"; };
		CD2B41A3BC62B3390CAE3596 /* KeyEventMonitorView.swift */ = {isa = PBXFileReference; lastKnownFileType = sourcecode.swift; name = KeyEventMonitorView.swift; path = DarkroomLite/Utilities/KeyEventMonitorView.swift; sourceTree = "<group>"; };
		CE544884A672CCDCDF708D2A /* HorizonDetectionService.swift */ = {isa = PBXFileReference; lastKnownFileType = sourcecode.swift; name = HorizonDetectionService.swift; path = DarkroomLite/Services/HorizonDetectionService.swift; sourceTree = "<group>"; };
		CE9843EFB39A2644B905CF71 /* HistoryPanelView.swift */ = {isa = PBXFileReference; lastKnownFileType = sourcecode.swift; name = HistoryPanelView.swift; path = DarkroomLite/Views/Editor/Panels/HistoryPanelView.swift; sourceTree = "<group>"; };
		CED049D68909448475AE766D /* EditSliderRow.swift */ = {isa = PBXFileReference; lastKnownFileType = sourcecode.swift; name = EditSliderRow.swift; path = DarkroomLite/Views/Editor/EditSliderRow.swift; sourceTree = "<group>"; };
		CF8E449FA923A62A1EECC793 /* EffectsPanelView.swift */ = {isa = PBXFileReference; lastKnownFileType = sourcecode.swift; name = EffectsPanelView.swift; path = DarkroomLite/Views/Editor/Panels/EffectsPanelView.swift; sourceTree = "<group>"; };
		D63E4071BAB6A775842E7661 /* PhotoThumbnailView.swift */ = {isa = PBXFileReference; lastKnownFileType = sourcecode.swift; name = PhotoThumbnailView.swift; path = DarkroomLite/Views/Library/PhotoThumbnailView.swift; sourceTree = "<group>"; };
		D90842D384BB68A7E12B4DD8 /* CullingControls.swift */ = {isa = PBXFileReference; lastKnownFileType = sourcecode.swift; name = CullingControls.swift; path = DarkroomLite/Views/Library/CullingControls.swift; sourceTree = "<group>"; };
		DDC742F695D6FE2E780B79E3 /* Preview Assets.xcassets */ = {isa = PBXFileReference; lastKnownFileType = folder.assetcatalog; name = "Preview Assets.xcassets"; path = "DarkroomLite/Preview Content/Preview Assets.xcassets"; sourceTree = "<group>"; };
		E01940A4A5B10EE3E569A3E8 /* ExportService.swift */ = {isa = PBXFileReference; lastKnownFileType = sourcecode.swift; name = ExportService.swift; path = DarkroomLite/Services/ExportService.swift; sourceTree = "<group>"; };
		E89C421E8B2A6C3ACE0EEDAA /* DetailPanelView.swift */ = {isa = PBXFileReference; lastKnownFileType = sourcecode.swift; name = DetailPanelView.swift; path = DarkroomLite/Views/Editor/Panels/DetailPanelView.swift; sourceTree = "<group>"; };
		E9394F7ABE5A303697F525D7 /* Comparable+Clamp.swift */ = {isa = PBXFileReference; lastKnownFileType = sourcecode.swift; name = "Comparable+Clamp.swift"; path = "DarkroomLite/Utilities/Comparable+Clamp.swift"; sourceTree = "<group>"; };
		EA794086B0EFF90A5093D037 /* ColorPanelView.swift */ = {isa = PBXFileReference; lastKnownFileType = sourcecode.swift; name = ColorPanelView.swift; path = DarkroomLite/Views/Editor/Panels/ColorPanelView.swift; sourceTree = "<group>"; };
		EB3045E4A3010D2159B85674 /* CropSettings.swift */ = {isa = PBXFileReference; lastKnownFileType = sourcecode.swift; name = CropSettings.swift; path = DarkroomLite/Models/CropSettings.swift; sourceTree = "<group>"; };
		F62B42B3A1FC83A691591C58 /* ImageRenderer.swift */ = {isa = PBXFileReference; lastKnownFileType = sourcecode.swift; name = ImageRenderer.swift; path = DarkroomLite/Services/ImageRenderer.swift; sourceTree = "<group>"; };
		F81A48B4B7BEC83B8C68317A /* PerspectiveSettings.swift */ = {isa = PBXFileReference; lastKnownFileType = sourcecode.swift; name = PerspectiveSettings.swift; path = DarkroomLite/Models/PerspectiveSettings.swift; sourceTree = "<group>"; };
		F8BB40839CD2EB820407B599 /* SecurityScopedFileAccess.swift */ = {isa = PBXFileReference; lastKnownFileType = sourcecode.swift; name = SecurityScopedFileAccess.swift; path = DarkroomLite/Services/SecurityScopedFileAccess.swift; sourceTree = "<group>"; };
		A4564B1BF68804E9E303DD44 /* SourceImageCache.swift */ = {isa = PBXFileReference; lastKnownFileType = sourcecode.swift; name = SourceImageCache.swift; path = DarkroomLite/Services/SourceImageCache.swift; sourceTree = "<group>"; };
		F9034FE68051C529D32AB055 /* EditValues.swift */ = {isa = PBXFileReference; lastKnownFileType = sourcecode.swift; name = EditValues.swift; path = DarkroomLite/Models/EditValues.swift; sourceTree = "<group>"; };
		FE7D46C8860D60C7CA652DD6 /* SidecarService.swift */ = {isa = PBXFileReference; lastKnownFileType = sourcecode.swift; name = SidecarService.swift; path = DarkroomLite/Services/SidecarService.swift; sourceTree = "<group>"; };
		2FB88DC48512F1EE572F6857 /* CubeLUTParser.swift */ = {isa = PBXFileReference; lastKnownFileType = sourcecode.swift; name = CubeLUTParser.swift; path = DarkroomLite/Services/CubeLUTParser.swift; sourceTree = "<group>"; };
		CC4A2C9ECB179955545ED510 /* LUTPanelView.swift */ = {isa = PBXFileReference; lastKnownFileType = sourcecode.swift; name = LUTPanelView.swift; path = DarkroomLite/Views/Editor/Panels/LUTPanelView.swift; sourceTree = "<group>"; };
		0ACC80577E9524F02D1AC7D5 /* LocalAdjustmentMask.swift */ = {isa = PBXFileReference; lastKnownFileType = sourcecode.swift; name = LocalAdjustmentMask.swift; path = DarkroomLite/Models/LocalAdjustmentMask.swift; sourceTree = "<group>"; };
		8290D5DB9C2D49477F86F705 /* MaskToolView.swift */ = {isa = PBXFileReference; lastKnownFileType = sourcecode.swift; name = MaskToolView.swift; path = DarkroomLite/Views/Geometry/MaskToolView.swift; sourceTree = "<group>"; };
		CA07F94725A1640A31629EA2 /* MasksPanelView.swift */ = {isa = PBXFileReference; lastKnownFileType = sourcecode.swift; name = MasksPanelView.swift; path = DarkroomLite/Views/Editor/Panels/MasksPanelView.swift; sourceTree = "<group>"; };
/* End PBXFileReference section */

/* Begin PBXFrameworksBuildPhase section */
		13B1F3A85BDA4367BB174F81 /* Frameworks */ = {
			isa = PBXFrameworksBuildPhase;
			buildActionMask = 2147483647;
			files = (
			);
			runOnlyForDeploymentPostprocessing = 0;
		};
		B72BA8B628AA4536BA2D9F5A /* Frameworks */ = {
			isa = PBXFrameworksBuildPhase;
			buildActionMask = 2147483647;
			files = (
			);
			runOnlyForDeploymentPostprocessing = 0;
		};
/* End PBXFrameworksBuildPhase section */

/* Begin PBXGroup section */
		1B78419B9507B03C8531ECF2 /* Settings */ = {
			isa = PBXGroup;
			children = (
				2BBD450F8811FFB399C5966A /* SettingsRootView.swift */,
				9C474FF499160389C28DA1BC /* ConfirmationsSettingsView.swift */,
				C30A4BE1BCEBA4B01F3AA8DC /* CropPerspectiveSettingsView.swift */,
				28854931A043F9B3C16805EF /* PerformanceSettingsView.swift */,
				5F30452099E588DEA4FCF3DB /* MetadataSettingsView.swift */,
				AB4D466F81D51B4EA8B90C7F /* ExportSettingsView.swift */,
				6B904AA1AF02902E214F8BAD /* ShortcutRecorderView.swift */,
				750D4E4F91A6610F77A840DD /* KeyboardShortcutsSettingsView.swift */,
				17804C2D891B3C1B7CE9D8E3 /* LibrarySettingsView.swift */,
				70FA4B07AD725C19923789E9 /* GeneralSettingsView.swift */,
			);
			name = Settings;
			sourceTree = "<group>";
		};
		3A7E4724A9A602498D8947CE /* Panels */ = {
			isa = PBXGroup;
			children = (
				C8E14125B1A20DDEC6D39B3D /* CropPanelView.swift */,
				9BBC4A2095D349C8F70DF87D /* LensPanelView.swift */,
				33DA4D3893D536FA3A54A44E /* HSLPanelView.swift */,
				838B47BCA81936C9A0C47793 /* ToneCurvePanelView.swift */,
				45304E17859F7069056DFE13 /* PresetsPanelView.swift */,
				E89C421E8B2A6C3ACE0EEDAA /* DetailPanelView.swift */,
				CF8E449FA923A62A1EECC793 /* EffectsPanelView.swift */,
				99F945208E4DB4083E45B3EB /* LightPanelView.swift */,
				CE9843EFB39A2644B905CF71 /* HistoryPanelView.swift */,
				65F54130A8F341CF37F2C3B0 /* ColorGradingPanelView.swift */,
				EA794086B0EFF90A5093D037 /* ColorPanelView.swift */,
				CC4A2C9ECB179955545ED510 /* LUTPanelView.swift */,
				CA07F94725A1640A31629EA2 /* MasksPanelView.swift */,
			);
			name = Panels;
			sourceTree = "<group>";
		};
		42E64E3483BCA777C1CFB2DE /* Library */ = {
			isa = PBXGroup;
			children = (
				A08F4CCBA367CCB885287D03 /* PhotoGridCell.swift */,
				740C41CD9234EB47356AD32D /* GridView.swift */,
				562749188D845710D86543FD /* LoupeView.swift */,
				D90842D384BB68A7E12B4DD8 /* CullingControls.swift */,
				B7F94FC6A6FB3A855578F5AD /* BeforeAfterView.swift */,
				D63E4071BAB6A775842E7661 /* PhotoThumbnailView.swift */,
				85A748D0B0877585CD13C93D /* FilterBarView.swift */,
				098B4904ADF82EF07EED9B50 /* ProjectWorkspaceView.swift */,
				704F4FD09939DAAA4327D5D6 /* FilmstripView.swift */,
				772241F6A43626E3A6A741A0 /* CompareView.swift */,
				8847432B8FC026F1AD3F6CAA /* EditedPhotoPreviewView.swift */,
			);
			name = Library;
			sourceTree = "<group>";
		};
		6F4A414F867D0922D4FB6D97 /* Export */ = {
			isa = PBXGroup;
			children = (
				518F40008B68307D4D90351E /* ExportSheetView.swift */,
			);
			name = Export;
			sourceTree = "<group>";
		};
		72E02C4E879742A9B06ADD69 = {
			isa = PBXGroup;
			children = (
				A7ABE4B5B0154EDFA6488B55 /* Products */,
				87404B20AEBF69401A03CEF4 /* DarkroomLite */,
				827A491EAD1AA391418EE597 /* DarkroomLiteTests */,
			);
			sourceTree = "<group>";
		};
		827A491EAD1AA391418EE597 /* DarkroomLiteTests */ = {
			isa = PBXGroup;
			children = (
				6D0647D98E50B9D49C1C6E23 /* DarkroomLiteTests.swift */,
			);
			name = DarkroomLiteTests;
			sourceTree = "<group>";
		};
		85C74293BAC74BCD3BB7AEC0 /* Persistence */ = {
			isa = PBXGroup;
			children = (
				B8F54DC7856D4DDE8BB09C8B /* PersistenceController.swift */,
			);
			name = Persistence;
			sourceTree = "<group>";
		};
		87404B20AEBF69401A03CEF4 /* DarkroomLite */ = {
			isa = PBXGroup;
			children = (
				C41341A8AA495449B137F026 /* Models */,
				ADB046C28BF6608948F6A338 /* ViewModels */,
				2BB6421E8A3EAF25011EE9F1 /* Assets.xcassets */,
				B73349C4BBE58AFD44CD8E25 /* Views */,
				491B4F3B9510F71DA20BF28F /* DarkroomLiteApp.swift */,
				AB5549BAA4DB2CA72E1082C8 /* Services */,
				B4874C16A3EE11DAA6678039 /* Utilities */,
				85C74293BAC74BCD3BB7AEC0 /* Persistence */,
				E02041828050E8C8B10455C0 /* Preview Content */,
				B625483EAEFA66E853A8C063 /* DarkroomLite.entitlements */,
			);
			name = DarkroomLite;
			sourceTree = "<group>";
		};
		8E6144DBBB7301BACB947143 /* Editor */ = {
			isa = PBXGroup;
			children = (
				C7B34989A47A729D1153B827 /* CurveEditorView.swift */,
				6DDC4590B23BE3A1C84B6328 /* SliderRow.swift */,
				B6F542CDB2F5556F1AB61DAB /* ColorWheelView.swift */,
				3A7E4724A9A602498D8947CE /* Panels */,
				CED049D68909448475AE766D /* EditSliderRow.swift */,
				6F194D569221B774E7561CFA /* EditorPanelContainerView.swift */,
			);
			name = Editor;
			sourceTree = "<group>";
		};
		A7ABE4B5B0154EDFA6488B55 /* Products */ = {
			isa = PBXGroup;
			children = (
				AB9D023F0C5B4170AF8F43E3 /* DarkroomLite.app */,
				160B72D582A24B6793B606AD /* DarkroomLiteTests.xctest */,
			);
			name = Products;
			sourceTree = "<group>";
		};
		AB5549BAA4DB2CA72E1082C8 /* Services */ = {
			isa = PBXGroup;
			children = (
				A5B74131B9A10F49570844E8 /* RawSupport.swift */,
				4F324604A192BC3918FD49A1 /* ImportService.swift */,
				F62B42B3A1FC83A691591C58 /* ImageRenderer.swift */,
				FE7D46C8860D60C7CA652DD6 /* SidecarService.swift */,
				26014C53A0A2147C3B212C29 /* MetadataService.swift */,
				36D54E68B236C401B7ACA868 /* Clipboard.swift */,
				F8BB40839CD2EB820407B599 /* SecurityScopedFileAccess.swift */,
				A4564B1BF68804E9E303DD44 /* SourceImageCache.swift */,
				E01940A4A5B10EE3E569A3E8 /* ExportService.swift */,
				9C1A4BEB848E570D8B707094 /* LUTBuilder.swift */,
				2FB88DC48512F1EE572F6857 /* CubeLUTParser.swift */,
				929D44F59BEC7254E3E1B02F /* ThumbnailService.swift */,
				3C0F40FDB0C02704E7DA312E /* KeyboardShortcuts.swift */,
				CE544884A672CCDCDF708D2A /* HorizonDetectionService.swift */,
			);
			name = Services;
			sourceTree = "<group>";
		};
		ADB046C28BF6608948F6A338 /* ViewModels */ = {
			isa = PBXGroup;
			children = (
				5D3346A9A1481CB4CB7C165B /* EditorViewModel+Bindings.swift */,
				C79B4DA592C9B036D5199D8A /* SettingsStore.swift */,
				C1EA417AA16A917975A73E4E /* EditorViewModel.swift */,
				BA464B47B6FD0375FBF5FF23 /* ProjectsViewModel.swift */,
				21C245CC855110E685BEE42B /* LibraryViewModel.swift */,
				942E4E7587BE101EA82FB696 /* AppController.swift */,
				124C40AE81D91A724894EC47 /* ExportViewModel.swift */,
			);
			name = ViewModels;
			sourceTree = "<group>";
		};
		B4874C16A3EE11DAA6678039 /* Utilities */ = {
			isa = PBXGroup;
			children = (
				E9394F7ABE5A303697F525D7 /* Comparable+Clamp.swift */,
				CD2B41A3BC62B3390CAE3596 /* KeyEventMonitorView.swift */,
				940A4DA2A39AB30EAAEAD928 /* AccentColorOption+Color.swift */,
				1D7E42DD932C81622A124DCE /* Formatters.swift */,
			);
			name = Utilities;
			sourceTree = "<group>";
		};
		B73349C4BBE58AFD44CD8E25 /* Views */ = {
			isa = PBXGroup;
			children = (
				E4E44B5A91C0BD4A2080DAE4 /* Toolbar */,
				5F854A53AC4A803C8A851A59 /* AppCommands.swift */,
				DDBA48E68DD9D6180709E795 /* Sidebar */,
				E8614D1B986189573DADBCFA /* Geometry */,
				1B78419B9507B03C8531ECF2 /* Settings */,
				42E64E3483BCA777C1CFB2DE /* Library */,
				8E6144DBBB7301BACB947143 /* Editor */,
				240C4321AFA95E49C7A9DE7C /* ContentView.swift */,
				6F4A414F867D0922D4FB6D97 /* Export */,
			);
			name = Views;
			sourceTree = "<group>";
		};
		C41341A8AA495449B137F026 /* Models */ = {
			isa = PBXGroup;
			children = (
				0EA34795A0B7B00BB679DD2F /* Enums.swift */,
				737A4DE89165571F5BFF493B /* EditSnapshot.swift */,
				5F6C4A0C892F96CD41014D69 /* Photo.swift */,
				EB3045E4A3010D2159B85674 /* CropSettings.swift */,
				80844C4DAA713E086DDCC38E /* EditSettings.swift */,
				F81A48B4B7BEC83B8C68317A /* PerspectiveSettings.swift */,
				632F4C70AF1F150F9981B575 /* Project.swift */,
				68424A158A4FF3C4CBD0EF16 /* Preset.swift */,
				F9034FE68051C529D32AB055 /* EditValues.swift */,
				5A4C47E8A3F6D23FD5C6F578 /* Album.swift */,
				0ACC80577E9524F02D1AC7D5 /* LocalAdjustmentMask.swift */,
			);
			name = Models;
			sourceTree = "<group>";
		};
		DDBA48E68DD9D6180709E795 /* Sidebar */ = {
			isa = PBXGroup;
			children = (
				B84F4FE3854C440C4D61BD8F /* SidebarView.swift */,
			);
			name = Sidebar;
			sourceTree = "<group>";
		};
		E02041828050E8C8B10455C0 /* Preview Content */ = {
			isa = PBXGroup;
			children = (
				DDC742F695D6FE2E780B79E3 /* Preview Assets.xcassets */,
			);
			name = "Preview Content";
			sourceTree = "<group>";
		};
		E4E44B5A91C0BD4A2080DAE4 /* Toolbar */ = {
			isa = PBXGroup;
			children = (
				2E4240C6904A7A90AD9FF3CA /* MainToolbarContent.swift */,
			);
			name = Toolbar;
			sourceTree = "<group>";
		};
		E8614D1B986189573DADBCFA /* Geometry */ = {
			isa = PBXGroup;
			children = (
				C6BC49759F4CF04B2D39EFB4 /* PerspectiveToolView.swift */,
				5E4D4F23B7ADAE15A5BE4AF8 /* CropToolView.swift */,
				8290D5DB9C2D49477F86F705 /* MaskToolView.swift */,
			);
			name = Geometry;
			sourceTree = "<group>";
		};
/* End PBXGroup section */

/* Begin PBXNativeTarget section */
		2A221A5507784EFEB08D08D9 /* DarkroomLiteTests */ = {
			isa = PBXNativeTarget;
			buildConfigurationList = EBCCB6D0EC7E41D5B619B0B1 /* Build configuration list for PBXNativeTarget "DarkroomLiteTests" */;
			buildPhases = (
				FE6BC44BD8824407A5FA6DF8 /* Sources */,
				B72BA8B628AA4536BA2D9F5A /* Frameworks */,
				EC9EE562ADE749128B5C7177 /* Resources */,
			);
			buildRules = (
			);
			dependencies = (
				7EA5D22A4C6248928B69C973 /* PBXTargetDependency */,
			);
			name = DarkroomLiteTests;
			productName = DarkroomLiteTests;
			productReference = 160B72D582A24B6793B606AD /* DarkroomLiteTests.xctest */;
			productType = "com.apple.product-type.bundle.unit-test";
		};
		9A3DC7A79D16495F80E78842 /* DarkroomLite */ = {
			isa = PBXNativeTarget;
			buildConfigurationList = 2459A4599F96468096D3C5CC /* Build configuration list for PBXNativeTarget "DarkroomLite" */;
			buildPhases = (
				D4B4DE7C539D4BB29CDB5A24 /* Sources */,
				13B1F3A85BDA4367BB174F81 /* Frameworks */,
				BAF70D1C73A74B9F9AC2F2DE /* Resources */,
			);
			buildRules = (
			);
			dependencies = (
			);
			name = DarkroomLite;
			productName = DarkroomLite;
			productReference = AB9D023F0C5B4170AF8F43E3 /* DarkroomLite.app */;
			productType = "com.apple.product-type.application";
		};
/* End PBXNativeTarget section */

/* Begin PBXProject section */
		C580F4FF1B444C95A3E76BB4 /* Project object */ = {
			isa = PBXProject;
			attributes = {
				BuildIndependentTargetsInParallel = YES;
				LastSwiftUpdateCheck = 1600;
				LastUpgradeCheck = 1600;
				TargetAttributes = {
					2A221A5507784EFEB08D08D9 = {
						CreatedOnToolsVersion = 16.0;
						TestTargetID = 9A3DC7A79D16495F80E78842;
					};
					9A3DC7A79D16495F80E78842 = {
						CreatedOnToolsVersion = 16.0;
					};
				};
			};
			buildConfigurationList = 16E14F5B8A104E899B9853FD /* Build configuration list for PBXProject "DarkroomLite" */;
			compatibilityVersion = "Xcode 14.0";
			developmentRegion = en;
			hasScannedForEncodings = 0;
			knownRegions = (
				en,
				Base,
			);
			mainGroup = 72E02C4E879742A9B06ADD69;
			productRefGroup = A7ABE4B5B0154EDFA6488B55 /* Products */;
			projectDirPath = "";
			projectRoot = "";
			targets = (
				9A3DC7A79D16495F80E78842 /* DarkroomLite */,
				2A221A5507784EFEB08D08D9 /* DarkroomLiteTests */,
			);
		};
/* End PBXProject section */

/* Begin PBXResourcesBuildPhase section */
		BAF70D1C73A74B9F9AC2F2DE /* Resources */ = {
			isa = PBXResourcesBuildPhase;
			buildActionMask = 2147483647;
			files = (
				01B94E1FAE30894F95E70134 /* Assets.xcassets in Resources */,
				6FB94667882991BEC815125F /* Preview Assets.xcassets in Resources */,
			);
			runOnlyForDeploymentPostprocessing = 0;
		};
		EC9EE562ADE749128B5C7177 /* Resources */ = {
			isa = PBXResourcesBuildPhase;
			buildActionMask = 2147483647;
			files = (
			);
			runOnlyForDeploymentPostprocessing = 0;
		};
/* End PBXResourcesBuildPhase section */

/* Begin PBXSourcesBuildPhase section */
		D4B4DE7C539D4BB29CDB5A24 /* Sources */ = {
			isa = PBXSourcesBuildPhase;
			buildActionMask = 2147483647;
			files = (
				1A54419AAECF34B000E1325C /* Enums.swift in Sources */,
				FC194846BA220848B68B223D /* EditSnapshot.swift in Sources */,
				3A0549BFB31A2DED38AB9662 /* Photo.swift in Sources */,
				D9FA4743870EEE22A7BCE822 /* CropSettings.swift in Sources */,
				9085421590659C4E1A36AE92 /* EditSettings.swift in Sources */,
				D262406397D6D21BA20702F9 /* PerspectiveSettings.swift in Sources */,
				29624FBE9A1C64683603B450 /* Project.swift in Sources */,
				65144286BCB142D1FC8E32CD /* Preset.swift in Sources */,
				8F614265B15E6EFD11DE9CCB /* EditValues.swift in Sources */,
				1E8248918D1A9C8E1E545AF8 /* Album.swift in Sources */,
				A3B24C76B35602C434BE81CC /* EditorViewModel+Bindings.swift in Sources */,
				8C7B4B4EA7B34DF73EC6CB40 /* SettingsStore.swift in Sources */,
				80CA4A8982736934A1E0B9F5 /* EditorViewModel.swift in Sources */,
				E3A6440E81BFB27ADE0C8AC4 /* ProjectsViewModel.swift in Sources */,
				5F3D469F8AC1B45AB9D92A3E /* LibraryViewModel.swift in Sources */,
				D6DE4BF59F2F4B41C8872C06 /* AppController.swift in Sources */,
				62C64BB28A2D70E102245287 /* ExportViewModel.swift in Sources */,
				551F4ECE8C814B029278D82F /* MainToolbarContent.swift in Sources */,
				D28C485FA3AAC7A4FCDA4415 /* AppCommands.swift in Sources */,
				0FDD4624881068E7849FFB7E /* SidebarView.swift in Sources */,
				954C4D4287EB4AAD9F1DC7B8 /* PerspectiveToolView.swift in Sources */,
				176E4FC8B9FCBFC02BCDAC50 /* CropToolView.swift in Sources */,
				B4DB43408CDB07671EEB8BE4 /* SettingsRootView.swift in Sources */,
				6A7F418FBF282E5ED2320B66 /* ConfirmationsSettingsView.swift in Sources */,
				7E6F44968794556EFA6E7E64 /* CropPerspectiveSettingsView.swift in Sources */,
				0A7440B9A126D49731710A04 /* PerformanceSettingsView.swift in Sources */,
				23B14987A31514025038BA5D /* MetadataSettingsView.swift in Sources */,
				E7A94F54826936CFB8B990DB /* ExportSettingsView.swift in Sources */,
				EC4F4976A179EB68082F1B3B /* ShortcutRecorderView.swift in Sources */,
				622449BEA6B02264F0E67221 /* KeyboardShortcutsSettingsView.swift in Sources */,
				6E4B4E28B180FB2F549FBED5 /* LibrarySettingsView.swift in Sources */,
				D22943FC8EAA82DFDF08B734 /* GeneralSettingsView.swift in Sources */,
				A10347DDBAA834BC7CD58103 /* PhotoGridCell.swift in Sources */,
				0C634983BFEC42116403590D /* GridView.swift in Sources */,
				B17F4319B0385CF0C73F381E /* LoupeView.swift in Sources */,
				2A0B42A484F61570994FA679 /* CullingControls.swift in Sources */,
				E3744882924AB5E0410CC198 /* BeforeAfterView.swift in Sources */,
				855C44ADACFE1AC59C60ACE0 /* PhotoThumbnailView.swift in Sources */,
				6E6B40BB8D1801B01919AD79 /* FilterBarView.swift in Sources */,
				602147D9A8D4832F3D36DA64 /* ProjectWorkspaceView.swift in Sources */,
				273C4A958FE38A62F601B094 /* FilmstripView.swift in Sources */,
				70B7490DA5C8CBEB810F1041 /* CompareView.swift in Sources */,
				0B3F4AF4AC7E25B3DD3AF1ED /* EditedPhotoPreviewView.swift in Sources */,
				857B46A6B501B122C85A8044 /* CurveEditorView.swift in Sources */,
				A0D34B22B09AF8EAB82854C6 /* SliderRow.swift in Sources */,
				7E9843C5A698309AE2FFC82D /* ColorWheelView.swift in Sources */,
				083C4F1A90C985CACEB98AC8 /* CropPanelView.swift in Sources */,
				D2DE482EB0BB420E4EF87FBE /* LensPanelView.swift in Sources */,
				EB3B4E83853F98EC41974D00 /* HSLPanelView.swift in Sources */,
				6AE84128B628FD886E40F8B6 /* ToneCurvePanelView.swift in Sources */,
				63F2441983C355AC4DB4F913 /* PresetsPanelView.swift in Sources */,
				7FCC465CA7054692FE93B029 /* DetailPanelView.swift in Sources */,
				AAEC48BAB4C1BB8C72BAB92A /* EffectsPanelView.swift in Sources */,
				B0DA475998B74673B1B3B3C4 /* LightPanelView.swift in Sources */,
				AD284CF7B9AE79BC88BD1F84 /* HistoryPanelView.swift in Sources */,
				CB224EFDB34324CA06950698 /* ColorGradingPanelView.swift in Sources */,
				A537477980AAA10CD29FA6E9 /* ColorPanelView.swift in Sources */,
				16C04433834CF97B62176B64 /* EditSliderRow.swift in Sources */,
				91574EECA3B566CAC2D80A50 /* EditorPanelContainerView.swift in Sources */,
				E55E470ABA6652F59519192D /* ContentView.swift in Sources */,
				33924A32933F25AA7BA39E62 /* ExportSheetView.swift in Sources */,
				74CC4A03B686D46792346988 /* DarkroomLiteApp.swift in Sources */,
				50E14185BBA1EEFFD11786D0 /* RawSupport.swift in Sources */,
				5E97464D9B824E148E44C5B9 /* ImportService.swift in Sources */,
				1CDD42E2B08E4A9453853914 /* ImageRenderer.swift in Sources */,
				EA604F2889ABCAF5C8BB2B95 /* SidecarService.swift in Sources */,
				E8324A41BAFA5BC9D4C230BB /* MetadataService.swift in Sources */,
				DB154FEB80165EC78B207897 /* Clipboard.swift in Sources */,
				F8EC4F6BA9E403C3941F60FA /* SecurityScopedFileAccess.swift in Sources */,
				B6BD92DF96C8C867FEAEBEC4 /* SourceImageCache.swift in Sources */,
				3BBE4415923686537FF10F31 /* ExportService.swift in Sources */,
				5A5644D4B0BCDC1C48FE10BA /* LUTBuilder.swift in Sources */,
				9FD759FE3FE57D709531ADF0 /* CubeLUTParser.swift in Sources */,
				E264608738EDD754DE92E294 /* LUTPanelView.swift in Sources */,
				DAF54B72D7231C2389D9558F /* LocalAdjustmentMask.swift in Sources */,
				F183E216B2AE07D4470AB276 /* MaskToolView.swift in Sources */,
				509620AD04E4DFC7C89452E4 /* MasksPanelView.swift in Sources */,
				F16E497C8127978236D695B0 /* ThumbnailService.swift in Sources */,
				BFCD4F00ACB7F8537CD04FA2 /* KeyboardShortcuts.swift in Sources */,
				BA7E4AD5846FE012D71E3D5B /* HorizonDetectionService.swift in Sources */,
				B84E48ADAF8EDC19010463E6 /* Comparable+Clamp.swift in Sources */,
				B7F14C35B027F2C4DF5516EE /* KeyEventMonitorView.swift in Sources */,
				06C5405787FE139C26F24A6D /* AccentColorOption+Color.swift in Sources */,
				BB0B4367B199BB81D904E6C4 /* Formatters.swift in Sources */,
				D434404E828B64FB5B41636E /* PersistenceController.swift in Sources */,
			);
			runOnlyForDeploymentPostprocessing = 0;
		};
		FE6BC44BD8824407A5FA6DF8 /* Sources */ = {
			isa = PBXSourcesBuildPhase;
			buildActionMask = 2147483647;
			files = (
				9BCA4DA1BC2FBB8B20E498EF /* DarkroomLiteTests.swift in Sources */,
			);
			runOnlyForDeploymentPostprocessing = 0;
		};
/* End PBXSourcesBuildPhase section */

/* Begin PBXTargetDependency section */
		7EA5D22A4C6248928B69C973 /* PBXTargetDependency */ = {
			isa = PBXTargetDependency;
			target = 9A3DC7A79D16495F80E78842 /* DarkroomLite */;
			targetProxy = C0E721EFE3154BB2902FC9AE /* PBXContainerItemProxy */;
		};
/* End PBXTargetDependency section */

/* Begin XCBuildConfiguration section */
		264752D4B8F7413E98106FDD /* Release */ = {
			isa = XCBuildConfiguration;
			buildSettings = {
				ALWAYS_SEARCH_USER_PATHS = NO;
				ASSETCATALOG_COMPILER_GENERATE_SWIFT_ASSET_SYMBOL_EXTENSIONS = YES;
				CLANG_ANALYZER_NONNULL = YES;
				CLANG_ANALYZER_NUMBER_OBJECT_CONVERSION = YES_AGGRESSIVE;
				CLANG_CXX_LANGUAGE_STANDARD = "gnu++20";
				CLANG_ENABLE_MODULES = YES;
				CLANG_ENABLE_OBJC_ARC = YES;
				CLANG_ENABLE_OBJC_WEAK = YES;
				CLANG_WARN_BLOCK_CAPTURE_AUTORELEASING = YES;
				CLANG_WARN_BOOL_CONVERSION = YES;
				CLANG_WARN_COMMA = YES;
				CLANG_WARN_CONSTANT_CONVERSION = YES;
				CLANG_WARN_DEPRECATED_OBJC_IMPLEMENTATIONS = YES;
				CLANG_WARN_DIRECT_OBJC_ISA_USAGE = YES_ERROR;
				CLANG_WARN_DOCUMENTATION_COMMENTS = YES;
				CLANG_WARN_EMPTY_BODY = YES;
				CLANG_WARN_ENUM_CONVERSION = YES;
				CLANG_WARN_INFINITE_RECURSION = YES;
				CLANG_WARN_INT_CONVERSION = YES;
				CLANG_WARN_NON_LITERAL_NULL_CONVERSION = YES;
				CLANG_WARN_OBJC_IMPLICIT_RETAIN_SELF = YES;
				CLANG_WARN_OBJC_LITERAL_CONVERSION = YES;
				CLANG_WARN_OBJC_ROOT_CLASS = YES_ERROR;
				CLANG_WARN_QUOTED_INCLUDE_IN_FRAMEWORK_HEADER = YES;
				CLANG_WARN_RANGE_LOOP_ANALYSIS = YES;
				CLANG_WARN_STRICT_PROTOTYPES = YES;
				CLANG_WARN_SUSPICIOUS_MOVE = YES;
				CLANG_WARN_UNGUARDED_AVAILABILITY = YES_AGGRESSIVE;
				CLANG_WARN_UNREACHABLE_CODE = YES;
				CLANG_WARN__DUPLICATE_METHOD_MATCH = YES;
				COPY_PHASE_STRIP = NO;
				DEBUG_INFORMATION_FORMAT = "dwarf-with-dsym";
				ENABLE_NS_ASSERTIONS = NO;
				ENABLE_STRICT_OBJC_MSGSEND = YES;
				ENABLE_USER_SCRIPT_SANDBOXING = YES;
				GCC_C_LANGUAGE_STANDARD = gnu17;
				GCC_NO_COMMON_BLOCKS = YES;
				GCC_WARN_64_TO_32_BIT_CONVERSION = YES;
				GCC_WARN_ABOUT_RETURN_TYPE = YES_ERROR;
				GCC_WARN_UNDECLARED_SELECTOR = YES;
				GCC_WARN_UNINITIALIZED_AUTOS = YES_AGGRESSIVE;
				GCC_WARN_UNUSED_FUNCTION = YES;
				GCC_WARN_UNUSED_VARIABLE = YES;
				LOCALIZATION_PREFERS_STRING_CATALOGS = YES;
				MACOSX_DEPLOYMENT_TARGET = 15.0;
				MTL_ENABLE_DEBUG_INFO = NO;
				MTL_FAST_MATH = YES;
				SDKROOT = macosx;
				SWIFT_COMPILATION_MODE = wholemodule;
				SWIFT_EMIT_LOC_STRINGS = YES;
			};
			name = Release;
		};
		622A81FEBEF548F091EA4254 /* Debug */ = {
			isa = XCBuildConfiguration;
			buildSettings = {
				ALWAYS_SEARCH_USER_PATHS = NO;
				ASSETCATALOG_COMPILER_GENERATE_SWIFT_ASSET_SYMBOL_EXTENSIONS = YES;
				CLANG_ANALYZER_NONNULL = YES;
				CLANG_ANALYZER_NUMBER_OBJECT_CONVERSION = YES_AGGRESSIVE;
				CLANG_CXX_LANGUAGE_STANDARD = "gnu++20";
				CLANG_ENABLE_MODULES = YES;
				CLANG_ENABLE_OBJC_ARC = YES;
				CLANG_ENABLE_OBJC_WEAK = YES;
				CLANG_WARN_BLOCK_CAPTURE_AUTORELEASING = YES;
				CLANG_WARN_BOOL_CONVERSION = YES;
				CLANG_WARN_COMMA = YES;
				CLANG_WARN_CONSTANT_CONVERSION = YES;
				CLANG_WARN_DEPRECATED_OBJC_IMPLEMENTATIONS = YES;
				CLANG_WARN_DIRECT_OBJC_ISA_USAGE = YES_ERROR;
				CLANG_WARN_DOCUMENTATION_COMMENTS = YES;
				CLANG_WARN_EMPTY_BODY = YES;
				CLANG_WARN_ENUM_CONVERSION = YES;
				CLANG_WARN_INFINITE_RECURSION = YES;
				CLANG_WARN_INT_CONVERSION = YES;
				CLANG_WARN_NON_LITERAL_NULL_CONVERSION = YES;
				CLANG_WARN_OBJC_IMPLICIT_RETAIN_SELF = YES;
				CLANG_WARN_OBJC_LITERAL_CONVERSION = YES;
				CLANG_WARN_OBJC_ROOT_CLASS = YES_ERROR;
				CLANG_WARN_QUOTED_INCLUDE_IN_FRAMEWORK_HEADER = YES;
				CLANG_WARN_RANGE_LOOP_ANALYSIS = YES;
				CLANG_WARN_STRICT_PROTOTYPES = YES;
				CLANG_WARN_SUSPICIOUS_MOVE = YES;
				CLANG_WARN_UNGUARDED_AVAILABILITY = YES_AGGRESSIVE;
				CLANG_WARN_UNREACHABLE_CODE = YES;
				CLANG_WARN__DUPLICATE_METHOD_MATCH = YES;
				COPY_PHASE_STRIP = NO;
				DEBUG_INFORMATION_FORMAT = dwarf;
				ENABLE_STRICT_OBJC_MSGSEND = YES;
				ENABLE_TESTABILITY = YES;
				ENABLE_USER_SCRIPT_SANDBOXING = YES;
				GCC_C_LANGUAGE_STANDARD = gnu17;
				GCC_DYNAMIC_NO_PIC = NO;
				GCC_NO_COMMON_BLOCKS = YES;
				GCC_OPTIMIZATION_LEVEL = 0;
				GCC_PREPROCESSOR_DEFINITIONS = (
					"DEBUG=1",
					"$(inherited)",
				);
				GCC_WARN_64_TO_32_BIT_CONVERSION = YES;
				GCC_WARN_ABOUT_RETURN_TYPE = YES_ERROR;
				GCC_WARN_UNDECLARED_SELECTOR = YES;
				GCC_WARN_UNINITIALIZED_AUTOS = YES_AGGRESSIVE;
				GCC_WARN_UNUSED_FUNCTION = YES;
				GCC_WARN_UNUSED_VARIABLE = YES;
				LOCALIZATION_PREFERS_STRING_CATALOGS = YES;
				MACOSX_DEPLOYMENT_TARGET = 15.0;
				MTL_ENABLE_DEBUG_INFO = INCLUDE_SOURCE;
				MTL_FAST_MATH = YES;
				ONLY_ACTIVE_ARCH = YES;
				SDKROOT = macosx;
				SWIFT_ACTIVE_COMPILATION_CONDITIONS = (
					DEBUG,
					"$(inherited)",
				);
				SWIFT_EMIT_LOC_STRINGS = YES;
				SWIFT_OPTIMIZATION_LEVEL = "-Onone";
			};
			name = Debug;
		};
		950DFA2F554348418BF552DE /* Release */ = {
			isa = XCBuildConfiguration;
			buildSettings = {
				ASSETCATALOG_COMPILER_APPICON_NAME = AppIcon;
				ASSETCATALOG_COMPILER_GLOBAL_ACCENT_COLOR_NAME = AccentColor;
				CODE_SIGN_ENTITLEMENTS = DarkroomLite/DarkroomLite.entitlements;
				CODE_SIGN_IDENTITY = "-";
				CODE_SIGN_STYLE = Manual;
				COMBINE_HIDPI_IMAGES = YES;
				CURRENT_PROJECT_VERSION = 1;
				DEVELOPMENT_ASSET_PATHS = "\"DarkroomLite/Preview Content\"";
				DEVELOPMENT_TEAM = "";
				ENABLE_PREVIEWS = YES;
				FRAMEWORK_SEARCH_PATHS = (
					"$(SRCROOT)/DarkroomLite",
					"$(inherited)",
					"\"$(SRCROOT)/DarkroomLite/Preview Content\"",
				);
				GENERATE_INFOPLIST_FILE = YES;
				INFOPLIST_KEY_LSApplicationCategoryType = "public.app-category.photography";
				INFOPLIST_KEY_NSHumanReadableCopyright = "\"\"";
				LIBRARY_SEARCH_PATHS = (
					"$(SRCROOT)/DarkroomLite/Models",
					"$(SRCROOT)/DarkroomLite/ViewModels",
					"$(SRCROOT)/DarkroomLite/Views/Toolbar",
					"$(SRCROOT)/DarkroomLite/Views",
					"$(SRCROOT)/DarkroomLite/Views/Sidebar",
					"$(SRCROOT)/DarkroomLite/Views/Geometry",
					"$(SRCROOT)/DarkroomLite/Views/Settings",
					"$(SRCROOT)/DarkroomLite/Views/Library",
					"$(SRCROOT)/DarkroomLite/Views/Editor",
					"$(SRCROOT)/DarkroomLite/Views/Editor/Panels",
					"$(SRCROOT)/DarkroomLite/Views/Export",
					"$(SRCROOT)/DarkroomLite",
					"$(SRCROOT)/DarkroomLite/Services",
					"$(SRCROOT)/DarkroomLite/Utilities",
					"$(SRCROOT)/DarkroomLite/Persistence",
					"$(SRCROOT)/DarkroomLiteTests",
				);
				MACOSX_DEPLOYMENT_TARGET = 15.0;
				MARKETING_VERSION = 1.0;
				PRODUCT_BUNDLE_IDENTIFIER = com.darkroomlite.app;
				PRODUCT_NAME = "$(TARGET_NAME)";
				SWIFT_EMIT_LOC_STRINGS = YES;
				SWIFT_VERSION = 5.0;
			};
			name = Release;
		};
		D562170C8CC84CDCAE910B79 /* Debug */ = {
			isa = XCBuildConfiguration;
			buildSettings = {
				ASSETCATALOG_COMPILER_APPICON_NAME = AppIcon;
				ASSETCATALOG_COMPILER_GLOBAL_ACCENT_COLOR_NAME = AccentColor;
				CODE_SIGN_ENTITLEMENTS = DarkroomLite/DarkroomLite.entitlements;
				CODE_SIGN_IDENTITY = "-";
				CODE_SIGN_STYLE = Manual;
				COMBINE_HIDPI_IMAGES = YES;
				CURRENT_PROJECT_VERSION = 1;
				DEVELOPMENT_ASSET_PATHS = "\"DarkroomLite/Preview Content\"";
				DEVELOPMENT_TEAM = "";
				ENABLE_PREVIEWS = YES;
				FRAMEWORK_SEARCH_PATHS = (
					"$(SRCROOT)/DarkroomLite",
					"$(inherited)",
					"\"$(SRCROOT)/DarkroomLite/Preview Content\"",
				);
				GENERATE_INFOPLIST_FILE = YES;
				INFOPLIST_KEY_LSApplicationCategoryType = "public.app-category.photography";
				INFOPLIST_KEY_NSHumanReadableCopyright = "\"\"";
				LIBRARY_SEARCH_PATHS = (
					"$(SRCROOT)/DarkroomLite/Models",
					"$(SRCROOT)/DarkroomLite/ViewModels",
					"$(SRCROOT)/DarkroomLite/Views/Toolbar",
					"$(SRCROOT)/DarkroomLite/Views",
					"$(SRCROOT)/DarkroomLite/Views/Sidebar",
					"$(SRCROOT)/DarkroomLite/Views/Geometry",
					"$(SRCROOT)/DarkroomLite/Views/Settings",
					"$(SRCROOT)/DarkroomLite/Views/Library",
					"$(SRCROOT)/DarkroomLite/Views/Editor",
					"$(SRCROOT)/DarkroomLite/Views/Editor/Panels",
					"$(SRCROOT)/DarkroomLite/Views/Export",
					"$(SRCROOT)/DarkroomLite",
					"$(SRCROOT)/DarkroomLite/Services",
					"$(SRCROOT)/DarkroomLite/Utilities",
					"$(SRCROOT)/DarkroomLite/Persistence",
					"$(SRCROOT)/DarkroomLiteTests",
				);
				MACOSX_DEPLOYMENT_TARGET = 15.0;
				MARKETING_VERSION = 1.0;
				PRODUCT_BUNDLE_IDENTIFIER = com.darkroomlite.app;
				PRODUCT_NAME = "$(TARGET_NAME)";
				SWIFT_EMIT_LOC_STRINGS = YES;
				SWIFT_VERSION = 5.0;
			};
			name = Debug;
		};
		E30DE28A0E9246AAB4B33F8A /* Release */ = {
			isa = XCBuildConfiguration;
			buildSettings = {
				BUNDLE_LOADER = "$(TEST_HOST)";
				CODE_SIGN_IDENTITY = "-";
				CODE_SIGN_STYLE = Manual;
				CURRENT_PROJECT_VERSION = 1;
				DEVELOPMENT_TEAM = "";
				FRAMEWORK_SEARCH_PATHS = (
					"$(SRCROOT)/DarkroomLite",
					"$(inherited)",
					"\"$(SRCROOT)/DarkroomLite/Preview Content\"",
				);
				GENERATE_INFOPLIST_FILE = YES;
				LIBRARY_SEARCH_PATHS = (
					"$(SRCROOT)/DarkroomLite/Models",
					"$(SRCROOT)/DarkroomLite/ViewModels",
					"$(SRCROOT)/DarkroomLite/Views/Toolbar",
					"$(SRCROOT)/DarkroomLite/Views",
					"$(SRCROOT)/DarkroomLite/Views/Sidebar",
					"$(SRCROOT)/DarkroomLite/Views/Geometry",
					"$(SRCROOT)/DarkroomLite/Views/Settings",
					"$(SRCROOT)/DarkroomLite/Views/Library",
					"$(SRCROOT)/DarkroomLite/Views/Editor",
					"$(SRCROOT)/DarkroomLite/Views/Editor/Panels",
					"$(SRCROOT)/DarkroomLite/Views/Export",
					"$(SRCROOT)/DarkroomLite",
					"$(SRCROOT)/DarkroomLite/Services",
					"$(SRCROOT)/DarkroomLite/Utilities",
					"$(SRCROOT)/DarkroomLite/Persistence",
					"$(SRCROOT)/DarkroomLiteTests",
				);
				MACOSX_DEPLOYMENT_TARGET = 15.0;
				MARKETING_VERSION = 1.0;
				PRODUCT_BUNDLE_IDENTIFIER = com.darkroomlite.app.tests;
				PRODUCT_NAME = "$(TARGET_NAME)";
				SWIFT_VERSION = 5.0;
				TEST_HOST = "$(BUILT_PRODUCTS_DIR)/DarkroomLite.app/Contents/MacOS/DarkroomLite";
			};
			name = Release;
		};
		E98CD723035F4D7E845D456B /* Debug */ = {
			isa = XCBuildConfiguration;
			buildSettings = {
				BUNDLE_LOADER = "$(TEST_HOST)";
				CODE_SIGN_IDENTITY = "-";
				CODE_SIGN_STYLE = Manual;
				CURRENT_PROJECT_VERSION = 1;
				DEVELOPMENT_TEAM = "";
				FRAMEWORK_SEARCH_PATHS = (
					"$(SRCROOT)/DarkroomLite",
					"$(inherited)",
					"\"$(SRCROOT)/DarkroomLite/Preview Content\"",
				);
				GENERATE_INFOPLIST_FILE = YES;
				LIBRARY_SEARCH_PATHS = (
					"$(SRCROOT)/DarkroomLite/Models",
					"$(SRCROOT)/DarkroomLite/ViewModels",
					"$(SRCROOT)/DarkroomLite/Views/Toolbar",
					"$(SRCROOT)/DarkroomLite/Views",
					"$(SRCROOT)/DarkroomLite/Views/Sidebar",
					"$(SRCROOT)/DarkroomLite/Views/Geometry",
					"$(SRCROOT)/DarkroomLite/Views/Settings",
					"$(SRCROOT)/DarkroomLite/Views/Library",
					"$(SRCROOT)/DarkroomLite/Views/Editor",
					"$(SRCROOT)/DarkroomLite/Views/Editor/Panels",
					"$(SRCROOT)/DarkroomLite/Views/Export",
					"$(SRCROOT)/DarkroomLite",
					"$(SRCROOT)/DarkroomLite/Services",
					"$(SRCROOT)/DarkroomLite/Utilities",
					"$(SRCROOT)/DarkroomLite/Persistence",
					"$(SRCROOT)/DarkroomLiteTests",
				);
				MACOSX_DEPLOYMENT_TARGET = 15.0;
				MARKETING_VERSION = 1.0;
				PRODUCT_BUNDLE_IDENTIFIER = com.darkroomlite.app.tests;
				PRODUCT_NAME = "$(TARGET_NAME)";
				SWIFT_VERSION = 5.0;
				TEST_HOST = "$(BUILT_PRODUCTS_DIR)/DarkroomLite.app/Contents/MacOS/DarkroomLite";
			};
			name = Debug;
		};
/* End XCBuildConfiguration section */

/* Begin XCConfigurationList section */
		16E14F5B8A104E899B9853FD /* Build configuration list for PBXProject "DarkroomLite" */ = {
			isa = XCConfigurationList;
			buildConfigurations = (
				622A81FEBEF548F091EA4254 /* Debug */,
				264752D4B8F7413E98106FDD /* Release */,
			);
			defaultConfigurationIsVisible = 0;
			defaultConfigurationName = Release;
		};
		2459A4599F96468096D3C5CC /* Build configuration list for PBXNativeTarget "DarkroomLite" */ = {
			isa = XCConfigurationList;
			buildConfigurations = (
				D562170C8CC84CDCAE910B79 /* Debug */,
				950DFA2F554348418BF552DE /* Release */,
			);
			defaultConfigurationIsVisible = 0;
			defaultConfigurationName = Release;
		};
		EBCCB6D0EC7E41D5B619B0B1 /* Build configuration list for PBXNativeTarget "DarkroomLiteTests" */ = {
			isa = XCConfigurationList;
			buildConfigurations = (
				E98CD723035F4D7E845D456B /* Debug */,
				E30DE28A0E9246AAB4B33F8A /* Release */,
			);
			defaultConfigurationIsVisible = 0;
			defaultConfigurationName = Release;
		};
/* End XCConfigurationList section */
	};
	rootObject = C580F4FF1B444C95A3E76BB4 /* Project object */;
}
